
Microsoft Visual Studio Solution File, Format Version 12.00
# Visual Studio Version 16
VisualStudioVersion = 16.0.29920.165
MinimumVisualStudioVersion = 10.0.40219.1
Project("{FAE04EC0-301F-11D3-BF4B-00C04F79EFBC}") = "Laboratorio-04", "Laboratorio-04.csproj", "{B38F12FD-6F23-4754-BC02-36A5014570F1}"
EndProject
Project("{FAE04EC0-301F-11D3-BF4B-00C04F79EFBC}") = "Estructuras", "..\Estructuras\Estructuras.csproj", "{62C260D2-8ADD-4C9B-ACB6-51BD3FE59839}"
EndProject
Global
	GlobalSection(SolutionConfigurationPlatforms) = preSolution
		Debug|Any CPU = Debug|Any CPU
		Release|Any CPU = Release|Any CPU
	EndGlobalSection
	GlobalSection(ProjectConfigurationPlatforms) = postSolution
		{B38F12FD-6F23-4754-BC02-36A5014570F1}.Debug|Any CPU.ActiveCfg = Debug|Any CPU
		{B38F12FD-6F23-4754-BC02-36A5014570F1}.Debug|Any CPU.Build.0 = Debug|Any CPU
		{B38F12FD-6F23-4754-BC02-36A5014570F1}.Release|Any CPU.ActiveCfg = Release|Any CPU
		{B38F12FD-6F23-4754-BC02-36A5014570F1}.Release|Any CPU.Build.0 = Release|Any CPU
		{62C260D2-8ADD-4C9B-ACB6-51BD3FE59839}.Debug|Any CPU.ActiveCfg = Debug|Any CPU
		{62C260D2-8ADD-4C9B-ACB6-51BD3FE59839}.Debug|Any CPU.Build.0 = Debug|Any CPU
		{62C260D2-8ADD-4C9B-ACB6-51BD3FE59839}.Release|Any CPU.ActiveCfg = Release|Any CPU
		{62C260D2-8ADD-4C9B-ACB6-51BD3FE59839}.Release|Any CPU.Build.0 = Release|Any CPU
	EndGlobalSection
	GlobalSection(SolutionProperties) = preSolution
		HideSolutionNode = FALSE
	EndGlobalSection
	GlobalSection(ExtensibilityGlobals) = postSolution
		SolutionGuid = {691B2E40-E55E-41A4-89F9-9A632C360D96}
	EndGlobalSection
EndGlobal
